
Microsoft Visual Studio Solution File, Format Version 12.00
Project("{FAE04EC0-301F-11D3-BF4B-00C04F79EFBC}") = "GaldrDb", "GaldrDbConsole\GaldrDbConsole.csproj", "{137C11F7-FD7D-4C53-A4FE-C87EE1EB92EC}"
EndProject
Project("{FAE04EC0-301F-11D3-BF4B-00C04F79EFBC}") = "GaldrDbEngine", "GaldrDbEngine\GaldrDbEngine.csproj", "{8A06AA13-802B-49E7-9C04-1E7096AB6A88}"
EndProject
Project("{FAE04EC0-301F-11D3-BF4B-00C04F79EFBC}") = "GaldrDb.UnitTests", "Tests\GaldrDb.UnitTests\GaldrDb.UnitTests.csproj", "{8A51F38F-C1E3-4928-840E-312066B6FC6E}"
EndProject
Project("{FAE04EC0-301F-11D3-BF4B-00C04F79EFBC}") = "GaldrDbSourceGenerators", "GaldrDbSourceGenerators\GaldrDbSourceGenerators.csproj", "{3EB6FEB4-7E0A-4F5F-9156-1495B5C5330D}"
EndProject
Global
	GlobalSection(SolutionConfigurationPlatforms) = preSolution
		Debug|Any CPU = Debug|Any CPU
		Release|Any CPU = Release|Any CPU
	EndGlobalSection
	GlobalSection(ProjectConfigurationPlatforms) = postSolution
		{137C11F7-FD7D-4C53-A4FE-C87EE1EB92EC}.Debug|Any CPU.ActiveCfg = Debug|Any CPU
		{137C11F7-FD7D-4C53-A4FE-C87EE1EB92EC}.Debug|Any CPU.Build.0 = Debug|Any CPU
		{137C11F7-FD7D-4C53-A4FE-C87EE1EB92EC}.Release|Any CPU.ActiveCfg = Release|Any CPU
		{137C11F7-FD7D-4C53-A4FE-C87EE1EB92EC}.Release|Any CPU.Build.0 = Release|Any CPU
		{8A06AA13-802B-49E7-9C04-1E7096AB6A88}.Debug|Any CPU.ActiveCfg = Debug|Any CPU
		{8A06AA13-802B-49E7-9C04-1E7096AB6A88}.Debug|Any CPU.Build.0 = Debug|Any CPU
		{8A06AA13-802B-49E7-9C04-1E7096AB6A88}.Release|Any CPU.ActiveCfg = Release|Any CPU
		{8A06AA13-802B-49E7-9C04-1E7096AB6A88}.Release|Any CPU.Build.0 = Release|Any CPU
		{8A51F38F-C1E3-4928-840E-312066B6FC6E}.Debug|Any CPU.ActiveCfg = Debug|Any CPU
		{8A51F38F-C1E3-4928-840E-312066B6FC6E}.Debug|Any CPU.Build.0 = Debug|Any CPU
		{8A51F38F-C1E3-4928-840E-312066B6FC6E}.Release|Any CPU.ActiveCfg = Release|Any CPU
		{8A51F38F-C1E3-4928-840E-312066B6FC6E}.Release|Any CPU.Build.0 = Release|Any CPU
		{3EB6FEB4-7E0A-4F5F-9156-1495B5C5330D}.Debug|Any CPU.ActiveCfg = Debug|Any CPU
		{3EB6FEB4-7E0A-4F5F-9156-1495B5C5330D}.Debug|Any CPU.Build.0 = Debug|Any CPU
		{3EB6FEB4-7E0A-4F5F-9156-1495B5C5330D}.Release|Any CPU.ActiveCfg = Release|Any CPU
		{3EB6FEB4-7E0A-4F5F-9156-1495B5C5330D}.Release|Any CPU.Build.0 = Release|Any CPU
	EndGlobalSection
EndGlobal
